{
  "name": "@cs-calibrax/autoship",
  "version": "0.5.15",
  "lockfileVersion": 3,
  "requires": true,
  "packages": {
    "": {
      "name": "@cs-calibrax/autoship",
      "version": "0.5.15",
      "license": "MIT",
      "bin": {
        "autoship": "bin/autoship.mjs"
      },
      "engines": {
        "node": ">=20"
      }
    }
  }
}
